
Microsoft Visual Studio Solution File, Format Version 12.00
# Visual Studio Version 17
VisualStudioVersion = 17.0.31903.59
MinimumVisualStudioVersion = 10.0.40219.1
Project("{9A19103F-16F7-4668-BE54-9A1E7A4F7556}") = "TetrLang", "TetrLang\TetrLang.csproj", "{6B140BD2-E169-4E2F-8D8E-9C950C0F423C}"
EndProject
Project("{FAE04EC0-301F-11D3-BF4B-00C04F79EFBC}") = "TetrLangInterpreter", "TetrLangInterpreter\TetrLangInterpreter.csproj", "{2DBF7B9C-856B-44DC-BF8B-5FFECA0FD47A}"
EndProject
Global
	GlobalSection(SolutionConfigurationPlatforms) = preSolution
		Debug|Any CPU = Debug|Any CPU
		Release|Any CPU = Release|Any CPU
	EndGlobalSection
	GlobalSection(ProjectConfigurationPlatforms) = postSolution
		{6B140BD2-E169-4E2F-8D8E-9C950C0F423C}.Debug|Any CPU.ActiveCfg = Debug|Any CPU
		{6B140BD2-E169-4E2F-8D8E-9C950C0F423C}.Debug|Any CPU.Build.0 = Debug|Any CPU
		{6B140BD2-E169-4E2F-8D8E-9C950C0F423C}.Release|Any CPU.ActiveCfg = Release|Any CPU
		{6B140BD2-E169-4E2F-8D8E-9C950C0F423C}.Release|Any CPU.Build.0 = Release|Any CPU
		{2DBF7B9C-856B-44DC-BF8B-5FFECA0FD47A}.Debug|Any CPU.ActiveCfg = Debug|Any CPU
		{2DBF7B9C-856B-44DC-BF8B-5FFECA0FD47A}.Debug|Any CPU.Build.0 = Debug|Any CPU
		{2DBF7B9C-856B-44DC-BF8B-5FFECA0FD47A}.Release|Any CPU.ActiveCfg = Release|Any CPU
		{2DBF7B9C-856B-44DC-BF8B-5FFECA0FD47A}.Release|Any CPU.Build.0 = Release|Any CPU
	EndGlobalSection
	GlobalSection(SolutionProperties) = preSolution
		HideSolutionNode = FALSE
	EndGlobalSection
	GlobalSection(ExtensibilityGlobals) = postSolution
		SolutionGuid = {516BBE57-9F35-45A0-8E27-A9B7255C20B9}
	EndGlobalSection
EndGlobal
